
Microsoft Visual Studio Solution File, Format Version 12.00
# Visual Studio Version 17
VisualStudioVersion = 17.9.34728.123
MinimumVisualStudioVersion = 10.0.40219.1
Project("{FAE04EC0-301F-11D3-BF4B-00C04F79EFBC}") = "YoutubeDownloader", "YoutubeDownloader\YoutubeDownloader.csproj", "{E2F24201-F7E3-4DD2-941C-2EA114ABAA65}"
EndProject
Global
	GlobalSection(SolutionConfigurationPlatforms) = preSolution
		Debug|Any CPU = Debug|Any CPU
		Release|Any CPU = Release|Any CPU
	EndGlobalSection
	GlobalSection(ProjectConfigurationPlatforms) = postSolution
		{E2F24201-F7E3-4DD2-941C-2EA114ABAA65}.Debug|Any CPU.ActiveCfg = Debug|Any CPU
		{E2F24201-F7E3-4DD2-941C-2EA114ABAA65}.Debug|Any CPU.Build.0 = Debug|Any CPU
		{E2F24201-F7E3-4DD2-941C-2EA114ABAA65}.Release|Any CPU.ActiveCfg = Release|Any CPU
		{E2F24201-F7E3-4DD2-941C-2EA114ABAA65}.Release|Any CPU.Build.0 = Release|Any CPU
	EndGlobalSection
	GlobalSection(SolutionProperties) = preSolution
		HideSolutionNode = FALSE
	EndGlobalSection
	GlobalSection(ExtensibilityGlobals) = postSolution
		SolutionGuid = {C5C39C73-0FD9-4D9B-8022-EF8B98CD5344}
	EndGlobalSection
EndGlobal
